<?xml version="1.0" encoding="utf-8"?>
<Project ToolsVersion="4.0" xmlns="http://schemas.microsoft.com/developer/msbuild/2003">
  <ItemGroup>
    <ClCompile Include="src\main.cpp">
      <Filter>src</Filter>
    </ClCompile>
    <ClCompile Include="src\main.cpp">
      <Filter>src</Filter>
    </ClCompile>
    <ClCompile Include="src\ofApp.cpp">
      <Filter>src</Filter>
    </ClCompile>
    <ClCompile Include="..\..\..\addons\ofxIO\libs\ofxIO\src\ByteBuffer.cpp">
      <Filter>addons\ofxIO\libs\ofxIO\src</Filter>
    </ClCompile>
    <ClCompile Include="..\..\..\addons\ofxIO\libs\ofxIO\src\ByteBufferUtils.cpp">
      <Filter>addons\ofxIO\libs\ofxIO\src</Filter>
    </ClCompile>
    <ClCompile Include="..\..\..\addons\ofxIO\libs\ofxIO\src\DeviceFilter.cpp">
      <Filter>addons\ofxIO\libs\ofxIO\src</Filter>
    </ClCompile>
    <ClCompile Include="..\..\..\addons\ofxIO\libs\ofxIO\src\DirectoryFilter.cpp">
      <Filter>addons\ofxIO\libs\ofxIO\src</Filter>
    </ClCompile>
    <ClCompile Include="..\..\..\addons\ofxIO\libs\ofxIO\src\DirectoryUtils.cpp">
      <Filter>addons\ofxIO\libs\ofxIO\src</Filter>
    </ClCompile>
    <ClCompile Include="..\..\..\addons\ofxIO\libs\ofxIO\src\DirectoryWatcherManager.cpp">
      <Filter>addons\ofxIO\libs\ofxIO\src</Filter>
    </ClCompile>
    <ClCompile Include="..\..\..\addons\ofxIO\libs\ofxIO\src\FileExtensionFilter.cpp">
      <Filter>addons\ofxIO\libs\ofxIO\src</Filter>
    </ClCompile>
    <ClCompile Include="..\..\..\addons\ofxIO\libs\ofxIO\src\HiddenFileFilter.cpp">
      <Filter>addons\ofxIO\libs\ofxIO\src</Filter>
    </ClCompile>
    <ClCompile Include="..\..\..\addons\ofxIO\libs\ofxIO\src\LinkFilter.cpp">
      <Filter>addons\ofxIO\libs\ofxIO\src</Filter>
    </ClCompile>
    <ClCompile Include="..\..\..\addons\ofxIO\libs\ofxIO\src\PathFilterCollection.cpp">
      <Filter>addons\ofxIO\libs\ofxIO\src</Filter>
    </ClCompile>
    <ClCompile Include="..\..\..\addons\ofxIO\libs\ofxIO\src\RegexPathFilter.cpp">
      <Filter>addons\ofxIO\libs\ofxIO\src</Filter>
    </ClCompile>
    <ClCompile Include="..\..\..\addons\ofxIO\libs\ofxIO\src\SearchPath.cpp">
      <Filter>addons\ofxIO\libs\ofxIO\src</Filter>
    </ClCompile>
    <ClCompile Include="..\..\..\addons\ofxIO\libs\Poco\src\DirectoryWatcher.cpp">
      <Filter>addons\ofxIO\libs\Poco\src</Filter>
    </ClCompile>
    <ClCompile Include="..\..\..\addons\ofxIO\libs\Poco\src\RecursiveDirectoryIterator.cpp">
      <Filter>addons\ofxIO\libs\Poco\src</Filter>
    </ClCompile>
    <ClCompile Include="..\..\..\addons\ofxIO\libs\Poco\src\RecursiveDirectoryIteratorStategies.cpp">
      <Filter>addons\ofxIO\libs\Poco\src</Filter>
    </ClCompile>
    <ClCompile Include="..\..\..\addons\ofxSerial\libs\ofxSerial\src\SerialDevice.cpp">
      <Filter>addons\ofxSerial\libs\ofxSerial\src</Filter>
    </ClCompile>
    <ClCompile Include="..\..\..\addons\ofxSerial\libs\ofxSerial\src\SerialDeviceUtils.cpp">
      <Filter>addons\ofxSerial\libs\ofxSerial\src</Filter>
    </ClCompile>
    <ClCompile Include="..\..\..\addons\ofxSerial\libs\serial\src\impl\unix.cc">
      <Filter>addons\ofxSerial\libs\serial\src\impl</Filter>
    </ClCompile>
    <ClCompile Include="..\..\..\addons\ofxSerial\libs\serial\src\impl\win.cc">
      <Filter>addons\ofxSerial\libs\serial\src\impl</Filter>
    </ClCompile>
    <ClCompile Include="..\..\..\addons\ofxSerial\libs\serial\src\serial.cc">
      <Filter>addons\ofxSerial\libs\serial\src</Filter>
    </ClCompile>
  </ItemGroup>
  <ItemGroup>
    <Filter Include="src">
      <UniqueIdentifier>{d8376475-7454-4a24-b08a-aac121d3ad6f}</UniqueIdentifier>
    </Filter>
    <Filter Include="addons">
      <UniqueIdentifier>{71834F65-F3A9-211E-73B8-DC85}</UniqueIdentifier>
    </Filter>
    <Filter Include="addons\ofxIO">
      <UniqueIdentifier>{48B8D9CB-CC4C-1B00-6588-D3A1}</UniqueIdentifier>
    </Filter>
    <Filter Include="addons\ofxIO\src">
      <UniqueIdentifier>{6813DA12-42A1-A4EE-BCA3-07D7}</UniqueIdentifier>
    </Filter>
    <Filter Include="addons\ofxIO\libs">
      <UniqueIdentifier>{57E40924-CBBB-EBB8-B83E-54E8}</UniqueIdentifier>
    </Filter>
    <Filter Include="addons\ofxIO\libs\alphanum">
      <UniqueIdentifier>{CDF09F22-4242-5549-389C-157E}</UniqueIdentifier>
    </Filter>
    <Filter Include="addons\ofxIO\libs\alphanum\include">
      <UniqueIdentifier>{84333A72-79E1-2EAF-EA52-633A}</UniqueIdentifier>
    </Filter>
    <Filter Include="addons\ofxIO\libs\ofxIO">
      <UniqueIdentifier>{88E3B8FF-C114-67AE-0946-7844}</UniqueIdentifier>
    </Filter>
    <Filter Include="addons\ofxIO\libs\ofxIO\include">
      <UniqueIdentifier>{9EC4E0DB-2AF5-99A4-6089-A4A3}</UniqueIdentifier>
    </Filter>
    <Filter Include="addons\ofxIO\libs\ofxIO\include\ofx">
      <UniqueIdentifier>{6AE3C651-7161-D412-8F80-E439}</UniqueIdentifier>
    </Filter>
    <Filter Include="addons\ofxIO\libs\ofxIO\include\ofx\IO">
      <UniqueIdentifier>{53B75BEF-81B2-6EEE-3C27-E6FF}</UniqueIdentifier>
    </Filter>
    <Filter Include="addons\ofxIO\libs\ofxIO\src">
      <UniqueIdentifier>{7BBBDCCA-0FD0-364F-0E8A-66DF}</UniqueIdentifier>
    </Filter>
    <Filter Include="addons\ofxIO\libs\Poco">
      <UniqueIdentifier>{11E68315-108C-B822-BDD8-07BF}</UniqueIdentifier>
    </Filter>
    <Filter Include="addons\ofxIO\libs\Poco\Foundation">
      <UniqueIdentifier>{F0255705-5FEB-29B2-A4AA-F17A}</UniqueIdentifier>
    </Filter>
    <Filter Include="addons\ofxIO\libs\Poco\Foundation\include">
      <UniqueIdentifier>{BC2C0B1D-5E29-24AD-CE70-0919}</UniqueIdentifier>
    </Filter>
    <Filter Include="addons\ofxIO\libs\Poco\Foundation\include\Poco">
      <UniqueIdentifier>{CB518F66-4D87-444A-2A1B-1CB5}</UniqueIdentifier>
    </Filter>
    <Filter Include="addons\ofxIO\libs\Poco\src">
      <UniqueIdentifier>{3C9F7660-B2B5-082A-241A-D665}</UniqueIdentifier>
    </Filter>
    <Filter Include="addons\ofxSerial">
      <UniqueIdentifier>{E1E4AE73-4A0A-7627-37ED-3253}</UniqueIdentifier>
    </Filter>
    <Filter Include="addons\ofxSerial\src">
      <UniqueIdentifier>{A215C2B7-2A7F-4B7B-0D28-5393}</UniqueIdentifier>
    </Filter>
    <Filter Include="addons\ofxSerial\libs">
      <UniqueIdentifier>{B83DF1F1-3DE4-892B-C8AB-BA91}</UniqueIdentifier>
    </Filter>
    <Filter Include="addons\ofxSerial\libs\ofxSerial">
      <UniqueIdentifier>{B567998F-A9DB-2171-A551-CF5D}</UniqueIdentifier>
    </Filter>
    <Filter Include="addons\ofxSerial\libs\ofxSerial\include">
      <UniqueIdentifier>{DC0100EA-66AE-2758-20E8-E079}</UniqueIdentifier>
    </Filter>
    <Filter Include="addons\ofxSerial\libs\ofxSerial\include\ofx">
      <UniqueIdentifier>{E01E86AA-BC97-EBCB-791C-F032}</UniqueIdentifier>
    </Filter>
    <Filter Include="addons\ofxSerial\libs\ofxSerial\include\ofx\IO">
      <UniqueIdentifier>{5F6E0B6B-60BB-352D-6B51-7C08}</UniqueIdentifier>
    </Filter>
    <Filter Include="addons\ofxSerial\libs\ofxSerial\src">
      <UniqueIdentifier>{35004F2E-2401-8485-5F94-5FAF}</UniqueIdentifier>
    </Filter>
    <Filter Include="addons\ofxSerial\libs\serial">
      <UniqueIdentifier>{80C70557-A57F-58B6-46FC-D176}</UniqueIdentifier>
    </Filter>
    <Filter Include="addons\ofxSerial\libs\serial\include">
      <UniqueIdentifier>{5E3840E8-7B00-2596-C182-2B7A}</UniqueIdentifier>
    </Filter>
    <Filter Include="addons\ofxSerial\libs\serial\include\serial">
      <UniqueIdentifier>{07C57610-8B06-6108-307A-52C1}</UniqueIdentifier>
    </Filter>
    <Filter Include="addons\ofxSerial\libs\serial\include\serial\impl">
      <UniqueIdentifier>{C61DB2D7-8350-AE23-DC02-A7EF}</UniqueIdentifier>
    </Filter>
    <Filter Include="addons\ofxSerial\libs\serial\src">
      <UniqueIdentifier>{977E3896-D55B-EAD1-7892-A93D}</UniqueIdentifier>
    </Filter>
    <Filter Include="addons\ofxSerial\libs\serial\src\impl">
      <UniqueIdentifier>{FA3658D4-2431-B264-546B-32BA}</UniqueIdentifier>
    </Filter>
  </ItemGroup>
  <ItemGroup>
    <ClInclude Include="src\ofApp.h">
      <Filter>src</Filter>
    </ClInclude>
    <ClInclude Include="..\..\..\addons\ofxIO\src\ofxIO.h">
      <Filter>addons\ofxIO\src</Filter>
    </ClInclude>
    <ClInclude Include="..\..\..\addons\ofxIO\libs\alphanum\include\alphanum.hpp">
      <Filter>addons\ofxIO\libs\alphanum\include</Filter>
    </ClInclude>
    <ClInclude Include="..\..\..\addons\ofxIO\libs\ofxIO\include\ofx\IO\AbstractDataView.h">
      <Filter>addons\ofxIO\libs\ofxIO\include\ofx\IO</Filter>
    </ClInclude>
    <ClInclude Include="..\..\..\addons\ofxIO\libs\ofxIO\include\ofx\IO\AbstractTypes.h">
      <Filter>addons\ofxIO\libs\ofxIO\include\ofx\IO</Filter>
    </ClInclude>
    <ClInclude Include="..\..\..\addons\ofxIO\libs\ofxIO\include\ofx\IO\ByteBuffer.h">
      <Filter>addons\ofxIO\libs\ofxIO\include\ofx\IO</Filter>
    </ClInclude>
    <ClInclude Include="..\..\..\addons\ofxIO\libs\ofxIO\include\ofx\IO\ByteBufferUtils.h">
      <Filter>addons\ofxIO\libs\ofxIO\include\ofx\IO</Filter>
    </ClInclude>
    <ClInclude Include="..\..\..\addons\ofxIO\libs\ofxIO\include\ofx\IO\DeviceFilter.h">
      <Filter>addons\ofxIO\libs\ofxIO\include\ofx\IO</Filter>
    </ClInclude>
    <ClInclude Include="..\..\..\addons\ofxIO\libs\ofxIO\include\ofx\IO\DirectoryFilter.h">
      <Filter>addons\ofxIO\libs\ofxIO\include\ofx\IO</Filter>
    </ClInclude>
    <ClInclude Include="..\..\..\addons\ofxIO\libs\ofxIO\include\ofx\IO\DirectoryUtils.h">
      <Filter>addons\ofxIO\libs\ofxIO\include\ofx\IO</Filter>
    </ClInclude>
    <ClInclude Include="..\..\..\addons\ofxIO\libs\ofxIO\include\ofx\IO\DirectoryWatcherManager.h">
      <Filter>addons\ofxIO\libs\ofxIO\include\ofx\IO</Filter>
    </ClInclude>
    <ClInclude Include="..\..\..\addons\ofxIO\libs\ofxIO\include\ofx\IO\FileExtensionFilter.h">
      <Filter>addons\ofxIO\libs\ofxIO\include\ofx\IO</Filter>
    </ClInclude>
    <ClInclude Include="..\..\..\addons\ofxIO\libs\ofxIO\include\ofx\IO\HiddenFileFilter.h">
      <Filter>addons\ofxIO\libs\ofxIO\include\ofx\IO</Filter>
    </ClInclude>
    <ClInclude Include="..\..\..\addons\ofxIO\libs\ofxIO\include\ofx\IO\LinkFilter.h">
      <Filter>addons\ofxIO\libs\ofxIO\include\ofx\IO</Filter>
    </ClInclude>
    <ClInclude Include="..\..\..\addons\ofxIO\libs\ofxIO\include\ofx\IO\PathFilterCollection.h">
      <Filter>addons\ofxIO\libs\ofxIO\include\ofx\IO</Filter>
    </ClInclude>
    <ClInclude Include="..\..\..\addons\ofxIO\libs\ofxIO\include\ofx\IO\RegexPathFilter.h">
      <Filter>addons\ofxIO\libs\ofxIO\include\ofx\IO</Filter>
    </ClInclude>
    <ClInclude Include="..\..\..\addons\ofxIO\libs\ofxIO\include\ofx\IO\SearchPath.h">
      <Filter>addons\ofxIO\libs\ofxIO\include\ofx\IO</Filter>
    </ClInclude>
    <ClInclude Include="..\..\..\addons\ofxIO\libs\Poco\Foundation\include\Poco\DirectoryWatcher.h">
      <Filter>addons\ofxIO\libs\Poco\Foundation\include\Poco</Filter>
    </ClInclude>
    <ClInclude Include="..\..\..\addons\ofxIO\libs\Poco\Foundation\include\Poco\RecursiveDirectoryIterator.h">
      <Filter>addons\ofxIO\libs\Poco\Foundation\include\Poco</Filter>
    </ClInclude>
    <ClInclude Include="..\..\..\addons\ofxIO\libs\Poco\Foundation\include\Poco\RecursiveDirectoryIteratorImpl.h">
      <Filter>addons\ofxIO\libs\Poco\Foundation\include\Poco</Filter>
    </ClInclude>
    <ClInclude Include="..\..\..\addons\ofxIO\libs\Poco\Foundation\include\Poco\RecursiveDirectoryIteratorStategies.h">
      <Filter>addons\ofxIO\libs\Poco\Foundation\include\Poco</Filter>
    </ClInclude>
    <ClInclude Include="..\..\..\addons\ofxSerial\src\ofxSerial.h">
      <Filter>addons\ofxSerial\src</Filter>
    </ClInclude>
    <ClInclude Include="..\..\..\addons\ofxSerial\libs\ofxSerial\include\ofx\IO\SerialDevice.h">
      <Filter>addons\ofxSerial\libs\ofxSerial\include\ofx\IO</Filter>
    </ClInclude>
    <ClInclude Include="..\..\..\addons\ofxSerial\libs\ofxSerial\include\ofx\IO\SerialDeviceUtils.h">
      <Filter>addons\ofxSerial\libs\ofxSerial\include\ofx\IO</Filter>
    </ClInclude>
    <ClInclude Include="..\..\..\addons\ofxSerial\libs\serial\include\serial\impl\unix.h">
      <Filter>addons\ofxSerial\libs\serial\include\serial\impl</Filter>
    </ClInclude>
    <ClInclude Include="..\..\..\addons\ofxSerial\libs\serial\include\serial\impl\win.h">
      <Filter>addons\ofxSerial\libs\serial\include\serial\impl</Filter>
    </ClInclude>
    <ClInclude Include="..\..\..\addons\ofxSerial\libs\serial\include\serial\serial.h">
      <Filter>addons\ofxSerial\libs\serial\include\serial</Filter>
    </ClInclude>
    <ClInclude Include="..\..\..\addons\ofxSerial\libs\serial\include\serial\v8stdint.h">
      <Filter>addons\ofxSerial\libs\serial\include\serial</Filter>
    </ClInclude>
  </ItemGroup>
  <ItemGroup>
    <ResourceCompile Include="icon.rc" />
  </ItemGroup>
</Project>